
Microsoft Visual Studio Solution File, Format Version 12.00
# Visual Studio 15
VisualStudioVersion = 15.0.27130.2003
MinimumVisualStudioVersion = 10.0.40219.1
Project("{8BC9CEB8-8B4A-11D0-8D11-00A0C91BC942}") = "LAB7", "Lab7\Lab7.vcxproj", "{A7250EA8-4630-4E59-B319-7A7E62137AF8}"
EndProject
Project("{FAE04EC0-301F-11D3-BF4B-00C04F79EFBC}") = "LAB2", "Lab2\LAB2.csproj", "{689F399F-A0FD-4BA8-ACAE-1DE91D5F6A4A}"
EndProject
Global
	GlobalSection(SolutionConfigurationPlatforms) = preSolution
		Debug|Any CPU = Debug|Any CPU
		Debug|x64 = Debug|x64
		Debug|x86 = Debug|x86
		Release|Any CPU = Release|Any CPU
		Release|x64 = Release|x64
		Release|x86 = Release|x86
	EndGlobalSection
	GlobalSection(ProjectConfigurationPlatforms) = postSolution
		{A7250EA8-4630-4E59-B319-7A7E62137AF8}.Debug|Any CPU.ActiveCfg = Debug|Win32
		{A7250EA8-4630-4E59-B319-7A7E62137AF8}.Debug|x64.ActiveCfg = Debug|x64
		{A7250EA8-4630-4E59-B319-7A7E62137AF8}.Debug|x64.Build.0 = Debug|x64
		{A7250EA8-4630-4E59-B319-7A7E62137AF8}.Debug|x86.ActiveCfg = Debug|Win32
		{A7250EA8-4630-4E59-B319-7A7E62137AF8}.Debug|x86.Build.0 = Debug|Win32
		{A7250EA8-4630-4E59-B319-7A7E62137AF8}.Release|Any CPU.ActiveCfg = Release|Win32
		{A7250EA8-4630-4E59-B319-7A7E62137AF8}.Release|x64.ActiveCfg = Release|x64
		{A7250EA8-4630-4E59-B319-7A7E62137AF8}.Release|x64.Build.0 = Release|x64
		{A7250EA8-4630-4E59-B319-7A7E62137AF8}.Release|x86.ActiveCfg = Release|Win32
		{A7250EA8-4630-4E59-B319-7A7E62137AF8}.Release|x86.Build.0 = Release|Win32
		{689F399F-A0FD-4BA8-ACAE-1DE91D5F6A4A}.Debug|Any CPU.ActiveCfg = Debug|Any CPU
		{689F399F-A0FD-4BA8-ACAE-1DE91D5F6A4A}.Debug|Any CPU.Build.0 = Debug|Any CPU
		{689F399F-A0FD-4BA8-ACAE-1DE91D5F6A4A}.Debug|x64.ActiveCfg = Debug|Any CPU
		{689F399F-A0FD-4BA8-ACAE-1DE91D5F6A4A}.Debug|x64.Build.0 = Debug|Any CPU
		{689F399F-A0FD-4BA8-ACAE-1DE91D5F6A4A}.Debug|x86.ActiveCfg = Debug|Any CPU
		{689F399F-A0FD-4BA8-ACAE-1DE91D5F6A4A}.Debug|x86.Build.0 = Debug|Any CPU
		{689F399F-A0FD-4BA8-ACAE-1DE91D5F6A4A}.Release|Any CPU.ActiveCfg = Release|Any CPU
		{689F399F-A0FD-4BA8-ACAE-1DE91D5F6A4A}.Release|Any CPU.Build.0 = Release|Any CPU
		{689F399F-A0FD-4BA8-ACAE-1DE91D5F6A4A}.Release|x64.ActiveCfg = Release|Any CPU
		{689F399F-A0FD-4BA8-ACAE-1DE91D5F6A4A}.Release|x64.Build.0 = Release|Any CPU
		{689F399F-A0FD-4BA8-ACAE-1DE91D5F6A4A}.Release|x86.ActiveCfg = Release|Any CPU
		{689F399F-A0FD-4BA8-ACAE-1DE91D5F6A4A}.Release|x86.Build.0 = Release|Any CPU
	EndGlobalSection
	GlobalSection(SolutionProperties) = preSolution
		HideSolutionNode = FALSE
	EndGlobalSection
	GlobalSection(ExtensibilityGlobals) = postSolution
		SolutionGuid = {3CBDC05F-BA93-4721-98AA-AA55CCC0F4F2}
	EndGlobalSection
EndGlobal
