
Microsoft Visual Studio Solution File, Format Version 12.00
# Visual Studio 2013
VisualStudioVersion = 12.0.30723.0
MinimumVisualStudioVersion = 10.0.40219.1
Project("{8BC9CEB8-8B4A-11D0-8D11-00A0C91BC942}") = "Ocz", "Ocz\Ocz.vcxproj", "{462CBB92-FAAE-43AA-9200-F69076CFEABB}"
EndProject
Project("{2150E333-8FDC-42A3-9474-1A3956D46DE8}") = "Solution Items", "Solution Items", "{F5DD5B7D-5D81-4C97-8FA0-A1C3662241DB}"
EndProject
Global
	GlobalSection(SolutionConfigurationPlatforms) = preSolution
		Debug|Win32 = Debug|Win32
		Release|Win32 = Release|Win32
	EndGlobalSection
	GlobalSection(ProjectConfigurationPlatforms) = postSolution
		{462CBB92-FAAE-43AA-9200-F69076CFEABB}.Debug|Win32.ActiveCfg = Debug|Win32
		{462CBB92-FAAE-43AA-9200-F69076CFEABB}.Debug|Win32.Build.0 = Debug|Win32
		{462CBB92-FAAE-43AA-9200-F69076CFEABB}.Release|Win32.ActiveCfg = Release|Win32
		{462CBB92-FAAE-43AA-9200-F69076CFEABB}.Release|Win32.Build.0 = Release|Win32
	EndGlobalSection
	GlobalSection(SolutionProperties) = preSolution
		HideSolutionNode = FALSE
	EndGlobalSection
EndGlobal
